
Microsoft Visual Studio Solution File, Format Version 12.00
# Visual Studio Version 17
VisualStudioVersion = 17.7.34024.191
MinimumVisualStudioVersion = 10.0.40219.1
Project("{FAE04EC0-301F-11D3-BF4B-00C04F79EFBC}") = "lab10", "lab10\lab10.csproj", "{75A6558B-0286-4D48-9765-C3BB1ED27094}"
EndProject
Global
	GlobalSection(SolutionConfigurationPlatforms) = preSolution
		Debug|Any CPU = Debug|Any CPU
		Release|Any CPU = Release|Any CPU
	EndGlobalSection
	GlobalSection(ProjectConfigurationPlatforms) = postSolution
		{75A6558B-0286-4D48-9765-C3BB1ED27094}.Debug|Any CPU.ActiveCfg = Debug|Any CPU
		{75A6558B-0286-4D48-9765-C3BB1ED27094}.Debug|Any CPU.Build.0 = Debug|Any CPU
		{75A6558B-0286-4D48-9765-C3BB1ED27094}.Release|Any CPU.ActiveCfg = Release|Any CPU
		{75A6558B-0286-4D48-9765-C3BB1ED27094}.Release|Any CPU.Build.0 = Release|Any CPU
	EndGlobalSection
	GlobalSection(SolutionProperties) = preSolution
		HideSolutionNode = FALSE
	EndGlobalSection
	GlobalSection(ExtensibilityGlobals) = postSolution
		SolutionGuid = {D5082B7C-DA2C-4762-BEC8-69EF51ED2210}
	EndGlobalSection
EndGlobal
