
Microsoft Visual Studio Solution File, Format Version 12.00
# Visual Studio Version 17
VisualStudioVersion = 17.7.34024.191
MinimumVisualStudioVersion = 10.0.40219.1
Project("{FAE04EC0-301F-11D3-BF4B-00C04F79EFBC}") = "lab10 telephoneOperator", "lab10 telephoneOperator\lab10 telephoneOperator.csproj", "{9DA3BE88-5224-47DF-8D7F-D56388CCE35C}"
EndProject
Global
	GlobalSection(SolutionConfigurationPlatforms) = preSolution
		Debug|Any CPU = Debug|Any CPU
		Release|Any CPU = Release|Any CPU
	EndGlobalSection
	GlobalSection(ProjectConfigurationPlatforms) = postSolution
		{9DA3BE88-5224-47DF-8D7F-D56388CCE35C}.Debug|Any CPU.ActiveCfg = Debug|Any CPU
		{9DA3BE88-5224-47DF-8D7F-D56388CCE35C}.Debug|Any CPU.Build.0 = Debug|Any CPU
		{9DA3BE88-5224-47DF-8D7F-D56388CCE35C}.Release|Any CPU.ActiveCfg = Release|Any CPU
		{9DA3BE88-5224-47DF-8D7F-D56388CCE35C}.Release|Any CPU.Build.0 = Release|Any CPU
	EndGlobalSection
	GlobalSection(SolutionProperties) = preSolution
		HideSolutionNode = FALSE
	EndGlobalSection
	GlobalSection(ExtensibilityGlobals) = postSolution
		SolutionGuid = {1DD26DA1-E05D-41C7-9F39-A8AF8ADB5130}
	EndGlobalSection
EndGlobal
